
Microsoft Visual Studio Solution File, Format Version 12.00
# Visual Studio Version 17
VisualStudioVersion = 17.9.34728.123
MinimumVisualStudioVersion = 10.0.40219.1
Project("{FAE04EC0-301F-11D3-BF4B-00C04F79EFBC}") = "AccesoDatos", "AccesoDatos\AccesoDatos.csproj", "{9EED5E48-1500-4AA4-888D-6C9E0CDCB01C}"
EndProject
Project("{FAE04EC0-301F-11D3-BF4B-00C04F79EFBC}") = "SgpaWebApi", "SgpaWebApi\SgpaWebApi.csproj", "{227E0303-F98D-47B8-8578-5E0053D32127}"
EndProject
Global
	GlobalSection(SolutionConfigurationPlatforms) = preSolution
		Debug|Any CPU = Debug|Any CPU
		Release|Any CPU = Release|Any CPU
	EndGlobalSection
	GlobalSection(ProjectConfigurationPlatforms) = postSolution
		{9EED5E48-1500-4AA4-888D-6C9E0CDCB01C}.Debug|Any CPU.ActiveCfg = Debug|Any CPU
		{9EED5E48-1500-4AA4-888D-6C9E0CDCB01C}.Debug|Any CPU.Build.0 = Debug|Any CPU
		{9EED5E48-1500-4AA4-888D-6C9E0CDCB01C}.Release|Any CPU.ActiveCfg = Release|Any CPU
		{9EED5E48-1500-4AA4-888D-6C9E0CDCB01C}.Release|Any CPU.Build.0 = Release|Any CPU
		{227E0303-F98D-47B8-8578-5E0053D32127}.Debug|Any CPU.ActiveCfg = Debug|Any CPU
		{227E0303-F98D-47B8-8578-5E0053D32127}.Debug|Any CPU.Build.0 = Debug|Any CPU
		{227E0303-F98D-47B8-8578-5E0053D32127}.Release|Any CPU.ActiveCfg = Release|Any CPU
		{227E0303-F98D-47B8-8578-5E0053D32127}.Release|Any CPU.Build.0 = Release|Any CPU
	EndGlobalSection
	GlobalSection(SolutionProperties) = preSolution
		HideSolutionNode = FALSE
	EndGlobalSection
	GlobalSection(ExtensibilityGlobals) = postSolution
		SolutionGuid = {BA00696D-0DC0-4A05-8848-283FA672B8EA}
	EndGlobalSection
EndGlobal
